// !$*UTF8*$!
{
	archiveVersion = 1;
	classes = {
	};
	objectVersion = 77;
	objects = {

/* Begin PBXBuildFile section */
		988634F22F14543B009C6A8E /* AppDelegate.swift in Sources */ = {isa = PBXBuildFile; fileRef = 988634F12F14543B009C6A8E /* AppDelegate.swift */; };
		988634F42F14543B009C6A8E /* SceneDelegate.swift in Sources */ = {isa = PBXBuildFile; fileRef = 988634F32F14543B009C6A8E /* SceneDelegate.swift */; };
		988634F72F14543B009C6A8E /* LaunchScreen.storyboard in Resources */ = {isa = PBXBuildFile; fileRef = 988634F52F14543B009C6A8E /* LaunchScreen.storyboard */; };
		988634FA2F14543B009C6A8E /* Main.storyboard in Resources */ = {isa = PBXBuildFile; fileRef = 988634F82F14543B009C6A8E /* Main.storyboard */; };
		988635032F14543B009C6A8E /* AppDelegate.swift in Sources */ = {isa = PBXBuildFile; fileRef = 988635022F14543B009C6A8E /* AppDelegate.swift */; };
		988635062F14543B009C6A8E /* Main.storyboard in Resources */ = {isa = PBXBuildFile; fileRef = 988635042F14543B009C6A8E /* Main.storyboard */; };
		9886350D2F14543B009C6A8E /* Mephisto Chess Extension Extension.appex in Embed Foundation Extensions */ = {isa = PBXBuildFile; fileRef = 9886350C2F14543B009C6A8E /* Mephisto Chess Extension Extension.appex */; settings = {ATTRIBUTES = (RemoveHeadersOnCopy, ); }; };
		988635172F14543B009C6A8E /* Mephisto Chess Extension Extension.appex in Embed Foundation Extensions */ = {isa = PBXBuildFile; fileRef = 988635162F14543B009C6A8E /* Mephisto Chess Extension Extension.appex */; settings = {ATTRIBUTES = (RemoveHeadersOnCopy, ); }; };
		9886351C2F14543B009C6A8E /* Main.html in Resources */ = {isa = PBXBuildFile; fileRef = 988634E12F14543A009C6A8E /* Main.html */; };
		9886351D2F14543B009C6A8E /* Main.html in Resources */ = {isa = PBXBuildFile; fileRef = 988634E12F14543A009C6A8E /* Main.html */; };
		9886351E2F14543B009C6A8E /* Icon.png in Resources */ = {isa = PBXBuildFile; fileRef = 988634E32F14543A009C6A8E /* Icon.png */; };
		9886351F2F14543B009C6A8E /* Icon.png in Resources */ = {isa = PBXBuildFile; fileRef = 988634E32F14543A009C6A8E /* Icon.png */; };
		988635202F14543B009C6A8E /* Style.css in Resources */ = {isa = PBXBuildFile; fileRef = 988634E42F14543A009C6A8E /* Style.css */; };
		988635212F14543B009C6A8E /* Style.css in Resources */ = {isa = PBXBuildFile; fileRef = 988634E42F14543A009C6A8E /* Style.css */; };
		988635222F14543B009C6A8E /* Script.js in Resources */ = {isa = PBXBuildFile; fileRef = 988634E52F14543A009C6A8E /* Script.js */; };
		988635232F14543B009C6A8E /* Script.js in Resources */ = {isa = PBXBuildFile; fileRef = 988634E52F14543A009C6A8E /* Script.js */; };
		988635242F14543B009C6A8E /* ViewController.swift in Sources */ = {isa = PBXBuildFile; fileRef = 988634E62F14543A009C6A8E /* ViewController.swift */; };
		988635252F14543B009C6A8E /* ViewController.swift in Sources */ = {isa = PBXBuildFile; fileRef = 988634E62F14543A009C6A8E /* ViewController.swift */; };
		988635262F14543B009C6A8E /* Assets.xcassets in Resources */ = {isa = PBXBuildFile; fileRef = 988634E72F14543B009C6A8E /* Assets.xcassets */; };
		988635272F14543B009C6A8E /* Assets.xcassets in Resources */ = {isa = PBXBuildFile; fileRef = 988634E72F14543B009C6A8E /* Assets.xcassets */; };
		988635282F14543B009C6A8E /* SafariWebExtensionHandler.swift in Sources */ = {isa = PBXBuildFile; fileRef = 988634E92F14543B009C6A8E /* SafariWebExtensionHandler.swift */; };
		988635292F14543B009C6A8E /* SafariWebExtensionHandler.swift in Sources */ = {isa = PBXBuildFile; fileRef = 988634E92F14543B009C6A8E /* SafariWebExtensionHandler.swift */; };
		988635442F14543B009C6A8E /* res in Resources */ = {isa = PBXBuildFile; fileRef = 9886353B2F14543B009C6A8E /* res */; };
		988635452F14543B009C6A8E /* LICENSE in Resources */ = {isa = PBXBuildFile; fileRef = 9886353C2F14543B009C6A8E /* LICENSE */; };
		988635462F14543B009C6A8E /* backend in Resources */ = {isa = PBXBuildFile; fileRef = 9886353D2F14543B009C6A8E /* backend */; };
		988635472F14543B009C6A8E /* README.md in Resources */ = {isa = PBXBuildFile; fileRef = 9886353E2F14543B009C6A8E /* README.md */; };
		988635482F14543B009C6A8E /* Safari in Resources */ = {isa = PBXBuildFile; fileRef = 9886353F2F14543B009C6A8E /* Safari */; };
		988635492F14543B009C6A8E /* manifest.json in Resources */ = {isa = PBXBuildFile; fileRef = 988635402F14543B009C6A8E /* manifest.json */; };
		9886354A2F14543B009C6A8E /* lib in Resources */ = {isa = PBXBuildFile; fileRef = 988635412F14543B009C6A8E /* lib */; };
		9886354B2F14543B009C6A8E /* _locales in Resources */ = {isa = PBXBuildFile; fileRef = 988635422F14543B009C6A8E /* _locales */; };
		9886354C2F14543B009C6A8E /* src in Resources */ = {isa = PBXBuildFile; fileRef = 988635432F14543B009C6A8E /* src */; };
		9886354D2F14543B009C6A8E /* res in Resources */ = {isa = PBXBuildFile; fileRef = 9886353B2F14543B009C6A8E /* res */; };
		9886354E2F14543B009C6A8E /* LICENSE in Resources */ = {isa = PBXBuildFile; fileRef = 9886353C2F14543B009C6A8E /* LICENSE */; };
		9886354F2F14543B009C6A8E /* backend in Resources */ = {isa = PBXBuildFile; fileRef = 9886353D2F14543B009C6A8E /* backend */; };
		988635502F14543B009C6A8E /* README.md in Resources */ = {isa = PBXBuildFile; fileRef = 9886353E2F14543B009C6A8E /* README.md */; };
		988635512F14543C009C6A8E /* Safari in Resources */ = {isa = PBXBuildFile; fileRef = 9886353F2F14543B009C6A8E /* Safari */; };
		988635522F14543C009C6A8E /* manifest.json in Resources */ = {isa = PBXBuildFile; fileRef = 988635402F14543B009C6A8E /* manifest.json */; };
		988635532F14543C009C6A8E /* lib in Resources */ = {isa = PBXBuildFile; fileRef = 988635412F14543B009C6A8E /* lib */; };
		988635542F14543C009C6A8E /* _locales in Resources */ = {isa = PBXBuildFile; fileRef = 988635422F14543B009C6A8E /* _locales */; };
		988635552F14543C009C6A8E /* src in Resources */ = {isa = PBXBuildFile; fileRef = 988635432F14543B009C6A8E /* src */; };
/* End PBXBuildFile section */

/* Begin PBXContainerItemProxy section */
		9886350E2F14543B009C6A8E /* PBXContainerItemProxy */ = {
			isa = PBXContainerItemProxy;
			containerPortal = 988634DB2F14543A009C6A8E /* Project object */;
			proxyType = 1;
			remoteGlobalIDString = 9886350B2F14543B009C6A8E;
			remoteInfo = "Mephisto Chess Extension Extension (iOS)";
		};
		988635182F14543B009C6A8E /* PBXContainerItemProxy */ = {
			isa = PBXContainerItemProxy;
			containerPortal = 988634DB2F14543A009C6A8E /* Project object */;
			proxyType = 1;
			remoteGlobalIDString = 988635152F14543B009C6A8E;
			remoteInfo = "Mephisto Chess Extension Extension (macOS)";
		};
/* End PBXContainerItemProxy section */

/* Begin PBXCopyFilesBuildPhase section */
		9886352F2F14543B009C6A8E /* Embed Foundation Extensions */ = {
			isa = PBXCopyFilesBuildPhase;
			buildActionMask = 2147483647;
			dstPath = "";
			dstSubfolderSpec = 13;
			files = (
				9886350D2F14543B009C6A8E /* Mephisto Chess Extension Extension.appex in Embed Foundation Extensions */,
			);
			name = "Embed Foundation Extensions";
			runOnlyForDeploymentPostprocessing = 0;
		};
		988635362F14543B009C6A8E /* Embed Foundation Extensions */ = {
			isa = PBXCopyFilesBuildPhase;
			buildActionMask = 2147483647;
			dstPath = "";
			dstSubfolderSpec = 13;
			files = (
				988635172F14543B009C6A8E /* Mephisto Chess Extension Extension.appex in Embed Foundation Extensions */,
			);
			name = "Embed Foundation Extensions";
			runOnlyForDeploymentPostprocessing = 0;
		};
/* End PBXCopyFilesBuildPhase section */

/* Begin PBXFileReference section */
		988634E22F14543A009C6A8E /* Base */ = {isa = PBXFileReference; lastKnownFileType = text.html; name = Base; path = Base.lproj/Main.html; sourceTree = "<group>"; };
		988634E32F14543A009C6A8E /* Icon.png */ = {isa = PBXFileReference; lastKnownFileType = image.png; path = Icon.png; sourceTree = "<group>"; };
		988634E42F14543A009C6A8E /* Style.css */ = {isa = PBXFileReference; lastKnownFileType = text.css; path = Style.css; sourceTree = "<group>"; };
		988634E52F14543A009C6A8E /* Script.js */ = {isa = PBXFileReference; lastKnownFileType = sourcecode.javascript; path = Script.js; sourceTree = "<group>"; };
		988634E62F14543A009C6A8E /* ViewController.swift */ = {isa = PBXFileReference; lastKnownFileType = sourcecode.swift; path = ViewController.swift; sourceTree = "<group>"; };
		988634E72F14543B009C6A8E /* Assets.xcassets */ = {isa = PBXFileReference; lastKnownFileType = folder.assetcatalog; path = Assets.xcassets; sourceTree = "<group>"; };
		988634E92F14543B009C6A8E /* SafariWebExtensionHandler.swift */ = {isa = PBXFileReference; lastKnownFileType = sourcecode.swift; path = SafariWebExtensionHandler.swift; sourceTree = "<group>"; };
		988634EE2F14543B009C6A8E /* Mephisto Chess Extension.app */ = {isa = PBXFileReference; explicitFileType = wrapper.application; includeInIndex = 0; path = "Mephisto Chess Extension.app"; sourceTree = BUILT_PRODUCTS_DIR; };
		988634F12F14543B009C6A8E /* AppDelegate.swift */ = {isa = PBXFileReference; lastKnownFileType = sourcecode.swift; path = AppDelegate.swift; sourceTree = "<group>"; };
		988634F32F14543B009C6A8E /* SceneDelegate.swift */ = {isa = PBXFileReference; lastKnownFileType = sourcecode.swift; path = SceneDelegate.swift; sourceTree = "<group>"; };
		988634F62F14543B009C6A8E /* Base */ = {isa = PBXFileReference; lastKnownFileType = file.storyboard; name = Base; path = Base.lproj/LaunchScreen.storyboard; sourceTree = "<group>"; };
		988634F92F14543B009C6A8E /* Base */ = {isa = PBXFileReference; lastKnownFileType = file.storyboard; name = Base; path = Base.lproj/Main.storyboard; sourceTree = "<group>"; };
		988634FB2F14543B009C6A8E /* Info.plist */ = {isa = PBXFileReference; lastKnownFileType = text.plist.xml; path = Info.plist; sourceTree = "<group>"; };
		988635002F14543B009C6A8E /* Mephisto Chess Extension.app */ = {isa = PBXFileReference; explicitFileType = wrapper.application; includeInIndex = 0; path = "Mephisto Chess Extension.app"; sourceTree = BUILT_PRODUCTS_DIR; };
		988635022F14543B009C6A8E /* AppDelegate.swift */ = {isa = PBXFileReference; lastKnownFileType = sourcecode.swift; path = AppDelegate.swift; sourceTree = "<group>"; };
		988635052F14543B009C6A8E /* Base */ = {isa = PBXFileReference; lastKnownFileType = file.storyboard; name = Base; path = Base.lproj/Main.storyboard; sourceTree = "<group>"; };
		988635072F14543B009C6A8E /* Info.plist */ = {isa = PBXFileReference; lastKnownFileType = text.plist.xml; path = Info.plist; sourceTree = "<group>"; };
		9886350C2F14543B009C6A8E /* Mephisto Chess Extension Extension.appex */ = {isa = PBXFileReference; explicitFileType = "wrapper.app-extension"; includeInIndex = 0; path = "Mephisto Chess Extension Extension.appex"; sourceTree = BUILT_PRODUCTS_DIR; };
		988635112F14543B009C6A8E /* Info.plist */ = {isa = PBXFileReference; lastKnownFileType = text.plist.xml; path = Info.plist; sourceTree = "<group>"; };
		988635162F14543B009C6A8E /* Mephisto Chess Extension Extension.appex */ = {isa = PBXFileReference; explicitFileType = "wrapper.app-extension"; includeInIndex = 0; path = "Mephisto Chess Extension Extension.appex"; sourceTree = BUILT_PRODUCTS_DIR; };
		9886351B2F14543B009C6A8E /* Info.plist */ = {isa = PBXFileReference; lastKnownFileType = text.plist.xml; path = Info.plist; sourceTree = "<group>"; };
		9886353B2F14543B009C6A8E /* res */ = {isa = PBXFileReference; lastKnownFileType = folder; name = res; path = ../../../res; sourceTree = "<group>"; };
		9886353C2F14543B009C6A8E /* LICENSE */ = {isa = PBXFileReference; lastKnownFileType = text; name = LICENSE; path = ../../../LICENSE; sourceTree = "<group>"; };
		9886353D2F14543B009C6A8E /* backend */ = {isa = PBXFileReference; lastKnownFileType = folder; name = backend; path = ../../../backend; sourceTree = "<group>"; };
		9886353E2F14543B009C6A8E /* README.md */ = {isa = PBXFileReference; lastKnownFileType = net.daringfireball.markdown; name = README.md; path = ../../../README.md; sourceTree = "<group>"; };
		9886353F2F14543B009C6A8E /* Safari */ = {isa = PBXFileReference; lastKnownFileType = folder; name = Safari; path = ../..; sourceTree = "<group>"; };
		988635402F14543B009C6A8E /* manifest.json */ = {isa = PBXFileReference; lastKnownFileType = text.json; name = manifest.json; path = ../../../manifest.json; sourceTree = "<group>"; };
		988635412F14543B009C6A8E /* lib */ = {isa = PBXFileReference; lastKnownFileType = folder; name = lib; path = ../../../lib; sourceTree = "<group>"; };
		988635422F14543B009C6A8E /* _locales */ = {isa = PBXFileReference; lastKnownFileType = folder; name = _locales; path = ../../../_locales; sourceTree = "<group>"; };
		988635432F14543B009C6A8E /* src */ = {isa = PBXFileReference; lastKnownFileType = folder; name = src; path = ../../../src; sourceTree = "<group>"; };
/* End PBXFileReference section */

/* Begin PBXFrameworksBuildPhase section */
		988634EB2F14543B009C6A8E /* Frameworks */ = {
			isa = PBXFrameworksBuildPhase;
			buildActionMask = 2147483647;
			files = (
			);
			runOnlyForDeploymentPostprocessing = 0;
		};
		988634FD2F14543B009C6A8E /* Frameworks */ = {
			isa = PBXFrameworksBuildPhase;
			buildActionMask = 2147483647;
			files = (
			);
			runOnlyForDeploymentPostprocessing = 0;
		};
		988635092F14543B009C6A8E /* Frameworks */ = {
			isa = PBXFrameworksBuildPhase;
			buildActionMask = 2147483647;
			files = (
			);
			runOnlyForDeploymentPostprocessing = 0;
		};
		988635132F14543B009C6A8E /* Frameworks */ = {
			isa = PBXFrameworksBuildPhase;
			buildActionMask = 2147483647;
			files = (
			);
			runOnlyForDeploymentPostprocessing = 0;
		};
/* End PBXFrameworksBuildPhase section */

/* Begin PBXGroup section */
		988634DA2F14543A009C6A8E = {
			isa = PBXGroup;
			children = (
				988634DF2F14543A009C6A8E /* Shared (App) */,
				988634E82F14543B009C6A8E /* Shared (Extension) */,
				988634F02F14543B009C6A8E /* iOS (App) */,
				988635012F14543B009C6A8E /* macOS (App) */,
				988635102F14543B009C6A8E /* iOS (Extension) */,
				9886351A2F14543B009C6A8E /* macOS (Extension) */,
				988634EF2F14543B009C6A8E /* Products */,
			);
			sourceTree = "<group>";
		};
		988634DF2F14543A009C6A8E /* Shared (App) */ = {
			isa = PBXGroup;
			children = (
				988634E62F14543A009C6A8E /* ViewController.swift */,
				988634E72F14543B009C6A8E /* Assets.xcassets */,
				988634E02F14543A009C6A8E /* Resources */,
			);
			path = "Shared (App)";
			sourceTree = "<group>";
		};
		988634E02F14543A009C6A8E /* Resources */ = {
			isa = PBXGroup;
			children = (
				988634E12F14543A009C6A8E /* Main.html */,
				988634E32F14543A009C6A8E /* Icon.png */,
				988634E42F14543A009C6A8E /* Style.css */,
				988634E52F14543A009C6A8E /* Script.js */,
			);
			path = Resources;
			sourceTree = "<group>";
		};
		988634E82F14543B009C6A8E /* Shared (Extension) */ = {
			isa = PBXGroup;
			children = (
				9886353A2F14543B009C6A8E /* Resources */,
				988634E92F14543B009C6A8E /* SafariWebExtensionHandler.swift */,
			);
			path = "Shared (Extension)";
			sourceTree = "<group>";
		};
		988634EF2F14543B009C6A8E /* Products */ = {
			isa = PBXGroup;
			children = (
				988634EE2F14543B009C6A8E /* Mephisto Chess Extension.app */,
				988635002F14543B009C6A8E /* Mephisto Chess Extension.app */,
				9886350C2F14543B009C6A8E /* Mephisto Chess Extension Extension.appex */,
				988635162F14543B009C6A8E /* Mephisto Chess Extension Extension.appex */,
			);
			name = Products;
			sourceTree = "<group>";
		};
		988634F02F14543B009C6A8E /* iOS (App) */ = {
			isa = PBXGroup;
			children = (
				988634F12F14543B009C6A8E /* AppDelegate.swift */,
				988634F32F14543B009C6A8E /* SceneDelegate.swift */,
				988634F52F14543B009C6A8E /* LaunchScreen.storyboard */,
				988634F82F14543B009C6A8E /* Main.storyboard */,
				988634FB2F14543B009C6A8E /* Info.plist */,
			);
			path = "iOS (App)";
			sourceTree = "<group>";
		};
		988635012F14543B009C6A8E /* macOS (App) */ = {
			isa = PBXGroup;
			children = (
				988635022F14543B009C6A8E /* AppDelegate.swift */,
				988635042F14543B009C6A8E /* Main.storyboard */,
				988635072F14543B009C6A8E /* Info.plist */,
			);
			path = "macOS (App)";
			sourceTree = "<group>";
		};
		988635102F14543B009C6A8E /* iOS (Extension) */ = {
			isa = PBXGroup;
			children = (
				988635112F14543B009C6A8E /* Info.plist */,
			);
			path = "iOS (Extension)";
			sourceTree = "<group>";
		};
		9886351A2F14543B009C6A8E /* macOS (Extension) */ = {
			isa = PBXGroup;
			children = (
				9886351B2F14543B009C6A8E /* Info.plist */,
			);
			path = "macOS (Extension)";
			sourceTree = "<group>";
		};
		9886353A2F14543B009C6A8E /* Resources */ = {
			isa = PBXGroup;
			children = (
				9886353B2F14543B009C6A8E /* res */,
				9886353C2F14543B009C6A8E /* LICENSE */,
				9886353D2F14543B009C6A8E /* backend */,
				9886353E2F14543B009C6A8E /* README.md */,
				9886353F2F14543B009C6A8E /* Safari */,
				988635402F14543B009C6A8E /* manifest.json */,
				988635412F14543B009C6A8E /* lib */,
				988635422F14543B009C6A8E /* _locales */,
				988635432F14543B009C6A8E /* src */,
			);
			name = Resources;
			path = "Shared (Extension)";
			sourceTree = SOURCE_ROOT;
		};
/* End PBXGroup section */

/* Begin PBXNativeTarget section */
		988634ED2F14543B009C6A8E /* Mephisto Chess Extension (iOS) */ = {
			isa = PBXNativeTarget;
			buildConfigurationList = 988635302F14543B009C6A8E /* Build configuration list for PBXNativeTarget "Mephisto Chess Extension (iOS)" */;
			buildPhases = (
				988634EA2F14543B009C6A8E /* Sources */,
				988634EB2F14543B009C6A8E /* Frameworks */,
				988634EC2F14543B009C6A8E /* Resources */,
				9886352F2F14543B009C6A8E /* Embed Foundation Extensions */,
			);
			buildRules = (
			);
			dependencies = (
				9886350F2F14543B009C6A8E /* PBXTargetDependency */,
			);
			name = "Mephisto Chess Extension (iOS)";
			packageProductDependencies = (
			);
			productName = "Mephisto Chess Extension (iOS)";
			productReference = 988634EE2F14543B009C6A8E /* Mephisto Chess Extension.app */;
			productType = "com.apple.product-type.application";
		};
		988634FF2F14543B009C6A8E /* Mephisto Chess Extension (macOS) */ = {
			isa = PBXNativeTarget;
			buildConfigurationList = 988635372F14543B009C6A8E /* Build configuration list for PBXNativeTarget "Mephisto Chess Extension (macOS)" */;
			buildPhases = (
				988634FC2F14543B009C6A8E /* Sources */,
				988634FD2F14543B009C6A8E /* Frameworks */,
				988634FE2F14543B009C6A8E /* Resources */,
				988635362F14543B009C6A8E /* Embed Foundation Extensions */,
			);
			buildRules = (
			);
			dependencies = (
				988635192F14543B009C6A8E /* PBXTargetDependency */,
			);
			name = "Mephisto Chess Extension (macOS)";
			packageProductDependencies = (
			);
			productName = "Mephisto Chess Extension (macOS)";
			productReference = 988635002F14543B009C6A8E /* Mephisto Chess Extension.app */;
			productType = "com.apple.product-type.application";
		};
		9886350B2F14543B009C6A8E /* Mephisto Chess Extension Extension (iOS) */ = {
			isa = PBXNativeTarget;
			buildConfigurationList = 9886352C2F14543B009C6A8E /* Build configuration list for PBXNativeTarget "Mephisto Chess Extension Extension (iOS)" */;
			buildPhases = (
				988635082F14543B009C6A8E /* Sources */,
				988635092F14543B009C6A8E /* Frameworks */,
				9886350A2F14543B009C6A8E /* Resources */,
			);
			buildRules = (
			);
			dependencies = (
			);
			name = "Mephisto Chess Extension Extension (iOS)";
			packageProductDependencies = (
			);
			productName = "Mephisto Chess Extension Extension (iOS)";
			productReference = 9886350C2F14543B009C6A8E /* Mephisto Chess Extension Extension.appex */;
			productType = "com.apple.product-type.app-extension";
		};
		988635152F14543B009C6A8E /* Mephisto Chess Extension Extension (macOS) */ = {
			isa = PBXNativeTarget;
			buildConfigurationList = 988635332F14543B009C6A8E /* Build configuration list for PBXNativeTarget "Mephisto Chess Extension Extension (macOS)" */;
			buildPhases = (
				988635122F14543B009C6A8E /* Sources */,
				988635132F14543B009C6A8E /* Frameworks */,
				988635142F14543B009C6A8E /* Resources */,
			);
			buildRules = (
			);
			dependencies = (
			);
			name = "Mephisto Chess Extension Extension (macOS)";
			packageProductDependencies = (
			);
			productName = "Mephisto Chess Extension Extension (macOS)";
			productReference = 988635162F14543B009C6A8E /* Mephisto Chess Extension Extension.appex */;
			productType = "com.apple.product-type.app-extension";
		};
/* End PBXNativeTarget section */

/* Begin PBXProject section */
		988634DB2F14543A009C6A8E /* Project object */ = {
			isa = PBXProject;
			attributes = {
				BuildIndependentTargetsInParallel = 1;
				LastSwiftUpdateCheck = 2620;
				LastUpgradeCheck = 2620;
				TargetAttributes = {
					988634ED2F14543B009C6A8E = {
						CreatedOnToolsVersion = 26.2;
					};
					988634FF2F14543B009C6A8E = {
						CreatedOnToolsVersion = 26.2;
					};
					9886350B2F14543B009C6A8E = {
						CreatedOnToolsVersion = 26.2;
					};
					988635152F14543B009C6A8E = {
						CreatedOnToolsVersion = 26.2;
					};
				};
			};
			buildConfigurationList = 988634DE2F14543A009C6A8E /* Build configuration list for PBXProject "Mephisto Chess Extension" */;
			developmentRegion = en;
			hasScannedForEncodings = 0;
			knownRegions = (
				en,
				Base,
			);
			mainGroup = 988634DA2F14543A009C6A8E;
			minimizedProjectReferenceProxies = 1;
			preferredProjectObjectVersion = 77;
			productRefGroup = 988634EF2F14543B009C6A8E /* Products */;
			projectDirPath = "";
			projectRoot = "";
			targets = (
				988634ED2F14543B009C6A8E /* Mephisto Chess Extension (iOS) */,
				988634FF2F14543B009C6A8E /* Mephisto Chess Extension (macOS) */,
				9886350B2F14543B009C6A8E /* Mephisto Chess Extension Extension (iOS) */,
				988635152F14543B009C6A8E /* Mephisto Chess Extension Extension (macOS) */,
			);
		};
/* End PBXProject section */

/* Begin PBXResourcesBuildPhase section */
		988634EC2F14543B009C6A8E /* Resources */ = {
			isa = PBXResourcesBuildPhase;
			buildActionMask = 2147483647;
			files = (
				9886351E2F14543B009C6A8E /* Icon.png in Resources */,
				988634F72F14543B009C6A8E /* LaunchScreen.storyboard in Resources */,
				9886351C2F14543B009C6A8E /* Main.html in Resources */,
				988635222F14543B009C6A8E /* Script.js in Resources */,
				988635262F14543B009C6A8E /* Assets.xcassets in Resources */,
				988634FA2F14543B009C6A8E /* Main.storyboard in Resources */,
				988635202F14543B009C6A8E /* Style.css in Resources */,
			);
			runOnlyForDeploymentPostprocessing = 0;
		};
		988634FE2F14543B009C6A8E /* Resources */ = {
			isa = PBXResourcesBuildPhase;
			buildActionMask = 2147483647;
			files = (
				9886351F2F14543B009C6A8E /* Icon.png in Resources */,
				988635212F14543B009C6A8E /* Style.css in Resources */,
				988635062F14543B009C6A8E /* Main.storyboard in Resources */,
				988635232F14543B009C6A8E /* Script.js in Resources */,
				988635272F14543B009C6A8E /* Assets.xcassets in Resources */,
				9886351D2F14543B009C6A8E /* Main.html in Resources */,
			);
			runOnlyForDeploymentPostprocessing = 0;
		};
		9886350A2F14543B009C6A8E /* Resources */ = {
			isa = PBXResourcesBuildPhase;
			buildActionMask = 2147483647;
			files = (
				988635552F14543C009C6A8E /* src in Resources */,
				988635512F14543C009C6A8E /* Safari in Resources */,
				9886354F2F14543B009C6A8E /* backend in Resources */,
				988635542F14543C009C6A8E /* _locales in Resources */,
				9886354E2F14543B009C6A8E /* LICENSE in Resources */,
				988635502F14543B009C6A8E /* README.md in Resources */,
				988635532F14543C009C6A8E /* lib in Resources */,
				988635522F14543C009C6A8E /* manifest.json in Resources */,
				9886354D2F14543B009C6A8E /* res in Resources */,
			);
			runOnlyForDeploymentPostprocessing = 0;
		};
		988635142F14543B009C6A8E /* Resources */ = {
			isa = PBXResourcesBuildPhase;
			buildActionMask = 2147483647;
			files = (
				9886354C2F14543B009C6A8E /* src in Resources */,
				988635482F14543B009C6A8E /* Safari in Resources */,
				988635462F14543B009C6A8E /* backend in Resources */,
				9886354B2F14543B009C6A8E /* _locales in Resources */,
				988635452F14543B009C6A8E /* LICENSE in Resources */,
				988635472F14543B009C6A8E /* README.md in Resources */,
				9886354A2F14543B009C6A8E /* lib in Resources */,
				988635492F14543B009C6A8E /* manifest.json in Resources */,
				988635442F14543B009C6A8E /* res in Resources */,
			);
			runOnlyForDeploymentPostprocessing = 0;
		};
/* End PBXResourcesBuildPhase section */

/* Begin PBXSourcesBuildPhase section */
		988634EA2F14543B009C6A8E /* Sources */ = {
			isa = PBXSourcesBuildPhase;
			buildActionMask = 2147483647;
			files = (
				988635242F14543B009C6A8E /* ViewController.swift in Sources */,
				988634F22F14543B009C6A8E /* AppDelegate.swift in Sources */,
				988634F42F14543B009C6A8E /* SceneDelegate.swift in Sources */,
			);
			runOnlyForDeploymentPostprocessing = 0;
		};
		988634FC2F14543B009C6A8E /* Sources */ = {
			isa = PBXSourcesBuildPhase;
			buildActionMask = 2147483647;
			files = (
				988635252F14543B009C6A8E /* ViewController.swift in Sources */,
				988635032F14543B009C6A8E /* AppDelegate.swift in Sources */,
			);
			runOnlyForDeploymentPostprocessing = 0;
		};
		988635082F14543B009C6A8E /* Sources */ = {
			isa = PBXSourcesBuildPhase;
			buildActionMask = 2147483647;
			files = (
				988635282F14543B009C6A8E /* SafariWebExtensionHandler.swift in Sources */,
			);
			runOnlyForDeploymentPostprocessing = 0;
		};
		988635122F14543B009C6A8E /* Sources */ = {
			isa = PBXSourcesBuildPhase;
			buildActionMask = 2147483647;
			files = (
				988635292F14543B009C6A8E /* SafariWebExtensionHandler.swift in Sources */,
			);
			runOnlyForDeploymentPostprocessing = 0;
		};
/* End PBXSourcesBuildPhase section */

/* Begin PBXTargetDependency section */
		9886350F2F14543B009C6A8E /* PBXTargetDependency */ = {
			isa = PBXTargetDependency;
			target = 9886350B2F14543B009C6A8E /* Mephisto Chess Extension Extension (iOS) */;
			targetProxy = 9886350E2F14543B009C6A8E /* PBXContainerItemProxy */;
		};
		988635192F14543B009C6A8E /* PBXTargetDependency */ = {
			isa = PBXTargetDependency;
			target = 988635152F14543B009C6A8E /* Mephisto Chess Extension Extension (macOS) */;
			targetProxy = 988635182F14543B009C6A8E /* PBXContainerItemProxy */;
		};
/* End PBXTargetDependency section */

/* Begin PBXVariantGroup section */
		988634E12F14543A009C6A8E /* Main.html */ = {
			isa = PBXVariantGroup;
			children = (
				988634E22F14543A009C6A8E /* Base */,
			);
			name = Main.html;
			sourceTree = "<group>";
		};
		988634F52F14543B009C6A8E /* LaunchScreen.storyboard */ = {
			isa = PBXVariantGroup;
			children = (
				988634F62F14543B009C6A8E /* Base */,
			);
			name = LaunchScreen.storyboard;
			sourceTree = "<group>";
		};
		988634F82F14543B009C6A8E /* Main.storyboard */ = {
			isa = PBXVariantGroup;
			children = (
				988634F92F14543B009C6A8E /* Base */,
			);
			name = Main.storyboard;
			sourceTree = "<group>";
		};
		988635042F14543B009C6A8E /* Main.storyboard */ = {
			isa = PBXVariantGroup;
			children = (
				988635052F14543B009C6A8E /* Base */,
			);
			name = Main.storyboard;
			sourceTree = "<group>";
		};
/* End PBXVariantGroup section */

/* Begin XCBuildConfiguration section */
		9886352A2F14543B009C6A8E /* Debug */ = {
			isa = XCBuildConfiguration;
			buildSettings = {
				ALWAYS_SEARCH_USER_PATHS = NO;
				ASSETCATALOG_COMPILER_GENERATE_SWIFT_ASSET_SYMBOL_EXTENSIONS = YES;
				CLANG_ANALYZER_NONNULL = YES;
				CLANG_ANALYZER_NUMBER_OBJECT_CONVERSION = YES_AGGRESSIVE;
				CLANG_CXX_LANGUAGE_STANDARD = "gnu++20";
				CLANG_ENABLE_MODULES = YES;
				CLANG_ENABLE_OBJC_ARC = YES;
				CLANG_ENABLE_OBJC_WEAK = YES;
				CLANG_WARN_BLOCK_CAPTURE_AUTORELEASING = YES;
				CLANG_WARN_BOOL_CONVERSION = YES;
				CLANG_WARN_COMMA = YES;
				CLANG_WARN_CONSTANT_CONVERSION = YES;
				CLANG_WARN_DEPRECATED_OBJC_IMPLEMENTATIONS = YES;
				CLANG_WARN_DIRECT_OBJC_ISA_USAGE = YES_ERROR;
				CLANG_WARN_DOCUMENTATION_COMMENTS = YES;
				CLANG_WARN_EMPTY_BODY = YES;
				CLANG_WARN_ENUM_CONVERSION = YES;
				CLANG_WARN_INFINITE_RECURSION = YES;
				CLANG_WARN_INT_CONVERSION = YES;
				CLANG_WARN_NON_LITERAL_NULL_CONVERSION = YES;
				CLANG_WARN_OBJC_IMPLICIT_RETAIN_SELF = YES;
				CLANG_WARN_OBJC_LITERAL_CONVERSION = YES;
				CLANG_WARN_OBJC_ROOT_CLASS = YES_ERROR;
				CLANG_WARN_QUOTED_INCLUDE_IN_FRAMEWORK_HEADER = YES;
				CLANG_WARN_RANGE_LOOP_ANALYSIS = YES;
				CLANG_WARN_STRICT_PROTOTYPES = YES;
				CLANG_WARN_SUSPICIOUS_MOVE = YES;
				CLANG_WARN_UNGUARDED_AVAILABILITY = YES_AGGRESSIVE;
				CLANG_WARN_UNREACHABLE_CODE = YES;
				CLANG_WARN__DUPLICATE_METHOD_MATCH = YES;
				COPY_PHASE_STRIP = NO;
				DEBUG_INFORMATION_FORMAT = dwarf;
				ENABLE_STRICT_OBJC_MSGSEND = YES;
				ENABLE_TESTABILITY = YES;
				ENABLE_USER_SCRIPT_SANDBOXING = YES;
				GCC_C_LANGUAGE_STANDARD = gnu17;
				GCC_DYNAMIC_NO_PIC = NO;
				GCC_NO_COMMON_BLOCKS = YES;
				GCC_OPTIMIZATION_LEVEL = 0;
				GCC_PREPROCESSOR_DEFINITIONS = (
					"DEBUG=1",
					"$(inherited)",
				);
				GCC_WARN_64_TO_32_BIT_CONVERSION = YES;
				GCC_WARN_ABOUT_RETURN_TYPE = YES_ERROR;
				GCC_WARN_UNDECLARED_SELECTOR = YES;
				GCC_WARN_UNINITIALIZED_AUTOS = YES_AGGRESSIVE;
				GCC_WARN_UNUSED_FUNCTION = YES;
				GCC_WARN_UNUSED_VARIABLE = YES;
				LOCALIZATION_PREFERS_STRING_CATALOGS = YES;
				MTL_ENABLE_DEBUG_INFO = INCLUDE_SOURCE;
				MTL_FAST_MATH = YES;
				ONLY_ACTIVE_ARCH = YES;
				SWIFT_ACTIVE_COMPILATION_CONDITIONS = "DEBUG $(inherited)";
				SWIFT_OPTIMIZATION_LEVEL = "-Onone";
			};
			name = Debug;
		};
		9886352B2F14543B009C6A8E /* Release */ = {
			isa = XCBuildConfiguration;
			buildSettings = {
				ALWAYS_SEARCH_USER_PATHS = NO;
				ASSETCATALOG_COMPILER_GENERATE_SWIFT_ASSET_SYMBOL_EXTENSIONS = YES;
				CLANG_ANALYZER_NONNULL = YES;
				CLANG_ANALYZER_NUMBER_OBJECT_CONVERSION = YES_AGGRESSIVE;
				CLANG_CXX_LANGUAGE_STANDARD = "gnu++20";
				CLANG_ENABLE_MODULES = YES;
				CLANG_ENABLE_OBJC_ARC = YES;
				CLANG_ENABLE_OBJC_WEAK = YES;
				CLANG_WARN_BLOCK_CAPTURE_AUTORELEASING = YES;
				CLANG_WARN_BOOL_CONVERSION = YES;
				CLANG_WARN_COMMA = YES;
				CLANG_WARN_CONSTANT_CONVERSION = YES;
				CLANG_WARN_DEPRECATED_OBJC_IMPLEMENTATIONS = YES;
				CLANG_WARN_DIRECT_OBJC_ISA_USAGE = YES_ERROR;
				CLANG_WARN_DOCUMENTATION_COMMENTS = YES;
				CLANG_WARN_EMPTY_BODY = YES;
				CLANG_WARN_ENUM_CONVERSION = YES;
				CLANG_WARN_INFINITE_RECURSION = YES;
				CLANG_WARN_INT_CONVERSION = YES;
				CLANG_WARN_NON_LITERAL_NULL_CONVERSION = YES;
				CLANG_WARN_OBJC_IMPLICIT_RETAIN_SELF = YES;
				CLANG_WARN_OBJC_LITERAL_CONVERSION = YES;
				CLANG_WARN_OBJC_ROOT_CLASS = YES_ERROR;
				CLANG_WARN_QUOTED_INCLUDE_IN_FRAMEWORK_HEADER = YES;
				CLANG_WARN_RANGE_LOOP_ANALYSIS = YES;
				CLANG_WARN_STRICT_PROTOTYPES = YES;
				CLANG_WARN_SUSPICIOUS_MOVE = YES;
				CLANG_WARN_UNGUARDED_AVAILABILITY = YES_AGGRESSIVE;
				CLANG_WARN_UNREACHABLE_CODE = YES;
				CLANG_WARN__DUPLICATE_METHOD_MATCH = YES;
				COPY_PHASE_STRIP = NO;
				DEBUG_INFORMATION_FORMAT = "dwarf-with-dsym";
				ENABLE_NS_ASSERTIONS = NO;
				ENABLE_STRICT_OBJC_MSGSEND = YES;
				ENABLE_USER_SCRIPT_SANDBOXING = YES;
				GCC_C_LANGUAGE_STANDARD = gnu17;
				GCC_NO_COMMON_BLOCKS = YES;
				GCC_WARN_64_TO_32_BIT_CONVERSION = YES;
				GCC_WARN_ABOUT_RETURN_TYPE = YES_ERROR;
				GCC_WARN_UNDECLARED_SELECTOR = YES;
				GCC_WARN_UNINITIALIZED_AUTOS = YES_AGGRESSIVE;
				GCC_WARN_UNUSED_FUNCTION = YES;
				GCC_WARN_UNUSED_VARIABLE = YES;
				LOCALIZATION_PREFERS_STRING_CATALOGS = YES;
				MTL_ENABLE_DEBUG_INFO = NO;
				MTL_FAST_MATH = YES;
				SWIFT_COMPILATION_MODE = wholemodule;
			};
			name = Release;
		};
		9886352D2F14543B009C6A8E /* Debug */ = {
			isa = XCBuildConfiguration;
			buildSettings = {
				CODE_SIGN_STYLE = Automatic;
				CURRENT_PROJECT_VERSION = 1;
				GENERATE_INFOPLIST_FILE = YES;
				INFOPLIST_FILE = "iOS (Extension)/Info.plist";
				INFOPLIST_KEY_CFBundleDisplayName = "Mephisto Chess Extension Extension";
				INFOPLIST_KEY_NSHumanReadableCopyright = "";
				IPHONEOS_DEPLOYMENT_TARGET = 15.0;
				LD_RUNPATH_SEARCH_PATHS = (
					"$(inherited)",
					"@executable_path/Frameworks",
					"@executable_path/../../Frameworks",
				);
				MARKETING_VERSION = 1.0;
				OTHER_LDFLAGS = (
					"-framework",
					SafariServices,
				);
				PRODUCT_BUNDLE_IDENTIFIER = "com.github.Mephisto-Chess-Extension.Extension";
				PRODUCT_NAME = "Mephisto Chess Extension Extension";
				SDKROOT = iphoneos;
				SKIP_INSTALL = YES;
				STRING_CATALOG_GENERATE_SYMBOLS = YES;
				SWIFT_APPROACHABLE_CONCURRENCY = YES;
				SWIFT_EMIT_LOC_STRINGS = YES;
				SWIFT_UPCOMING_FEATURE_MEMBER_IMPORT_VISIBILITY = YES;
				SWIFT_VERSION = 5.0;
				TARGETED_DEVICE_FAMILY = "1,2";
			};
			name = Debug;
		};
		9886352E2F14543B009C6A8E /* Release */ = {
			isa = XCBuildConfiguration;
			buildSettings = {
				CODE_SIGN_STYLE = Automatic;
				CURRENT_PROJECT_VERSION = 1;
				GENERATE_INFOPLIST_FILE = YES;
				INFOPLIST_FILE = "iOS (Extension)/Info.plist";
				INFOPLIST_KEY_CFBundleDisplayName = "Mephisto Chess Extension Extension";
				INFOPLIST_KEY_NSHumanReadableCopyright = "";
				IPHONEOS_DEPLOYMENT_TARGET = 15.0;
				LD_RUNPATH_SEARCH_PATHS = (
					"$(inherited)",
					"@executable_path/Frameworks",
					"@executable_path/../../Frameworks",
				);
				MARKETING_VERSION = 1.0;
				OTHER_LDFLAGS = (
					"-framework",
					SafariServices,
				);
				PRODUCT_BUNDLE_IDENTIFIER = "com.github.Mephisto-Chess-Extension.Extension";
				PRODUCT_NAME = "Mephisto Chess Extension Extension";
				SDKROOT = iphoneos;
				SKIP_INSTALL = YES;
				STRING_CATALOG_GENERATE_SYMBOLS = YES;
				SWIFT_APPROACHABLE_CONCURRENCY = YES;
				SWIFT_EMIT_LOC_STRINGS = YES;
				SWIFT_UPCOMING_FEATURE_MEMBER_IMPORT_VISIBILITY = YES;
				SWIFT_VERSION = 5.0;
				TARGETED_DEVICE_FAMILY = "1,2";
				VALIDATE_PRODUCT = YES;
			};
			name = Release;
		};
		988635312F14543B009C6A8E /* Debug */ = {
			isa = XCBuildConfiguration;
			buildSettings = {
				ASSETCATALOG_COMPILER_APPICON_NAME = AppIcon;
				ASSETCATALOG_COMPILER_GLOBAL_ACCENT_COLOR_NAME = AccentColor;
				CODE_SIGN_STYLE = Automatic;
				CURRENT_PROJECT_VERSION = 1;
				GENERATE_INFOPLIST_FILE = YES;
				INFOPLIST_FILE = "iOS (App)/Info.plist";
				INFOPLIST_KEY_CFBundleDisplayName = "Mephisto Chess Extension";
				INFOPLIST_KEY_UIApplicationSupportsIndirectInputEvents = YES;
				INFOPLIST_KEY_UILaunchStoryboardName = LaunchScreen;
				INFOPLIST_KEY_UIMainStoryboardFile = Main;
				INFOPLIST_KEY_UISupportedInterfaceOrientations = "UIInterfaceOrientationPortrait UIInterfaceOrientationLandscapeLeft UIInterfaceOrientationLandscapeRight";
				INFOPLIST_KEY_UISupportedInterfaceOrientations_iPad = "UIInterfaceOrientationPortrait UIInterfaceOrientationPortraitUpsideDown UIInterfaceOrientationLandscapeLeft UIInterfaceOrientationLandscapeRight";
				IPHONEOS_DEPLOYMENT_TARGET = 15.0;
				LD_RUNPATH_SEARCH_PATHS = (
					"$(inherited)",
					"@executable_path/Frameworks",
				);
				MARKETING_VERSION = 1.0;
				OTHER_LDFLAGS = (
					"-framework",
					SafariServices,
					"-framework",
					WebKit,
				);
				PRODUCT_BUNDLE_IDENTIFIER = "com.github.Mephisto-Chess-Extension";
				PRODUCT_NAME = "Mephisto Chess Extension";
				SDKROOT = iphoneos;
				STRING_CATALOG_GENERATE_SYMBOLS = YES;
				SWIFT_APPROACHABLE_CONCURRENCY = YES;
				SWIFT_DEFAULT_ACTOR_ISOLATION = MainActor;
				SWIFT_EMIT_LOC_STRINGS = YES;
				SWIFT_UPCOMING_FEATURE_MEMBER_IMPORT_VISIBILITY = YES;
				SWIFT_VERSION = 5.0;
				TARGETED_DEVICE_FAMILY = "1,2";
			};
			name = Debug;
		};
		988635322F14543B009C6A8E /* Release */ = {
			isa = XCBuildConfiguration;
			buildSettings = {
				ASSETCATALOG_COMPILER_APPICON_NAME = AppIcon;
				ASSETCATALOG_COMPILER_GLOBAL_ACCENT_COLOR_NAME = AccentColor;
				CODE_SIGN_STYLE = Automatic;
				CURRENT_PROJECT_VERSION = 1;
				GENERATE_INFOPLIST_FILE = YES;
				INFOPLIST_FILE = "iOS (App)/Info.plist";
				INFOPLIST_KEY_CFBundleDisplayName = "Mephisto Chess Extension";
				INFOPLIST_KEY_UIApplicationSupportsIndirectInputEvents = YES;
				INFOPLIST_KEY_UILaunchStoryboardName = LaunchScreen;
				INFOPLIST_KEY_UIMainStoryboardFile = Main;
				INFOPLIST_KEY_UISupportedInterfaceOrientations = "UIInterfaceOrientationPortrait UIInterfaceOrientationLandscapeLeft UIInterfaceOrientationLandscapeRight";
				INFOPLIST_KEY_UISupportedInterfaceOrientations_iPad = "UIInterfaceOrientationPortrait UIInterfaceOrientationPortraitUpsideDown UIInterfaceOrientationLandscapeLeft UIInterfaceOrientationLandscapeRight";
				IPHONEOS_DEPLOYMENT_TARGET = 15.0;
				LD_RUNPATH_SEARCH_PATHS = (
					"$(inherited)",
					"@executable_path/Frameworks",
				);
				MARKETING_VERSION = 1.0;
				OTHER_LDFLAGS = (
					"-framework",
					SafariServices,
					"-framework",
					WebKit,
				);
				PRODUCT_BUNDLE_IDENTIFIER = "com.github.Mephisto-Chess-Extension";
				PRODUCT_NAME = "Mephisto Chess Extension";
				SDKROOT = iphoneos;
				STRING_CATALOG_GENERATE_SYMBOLS = YES;
				SWIFT_APPROACHABLE_CONCURRENCY = YES;
				SWIFT_DEFAULT_ACTOR_ISOLATION = MainActor;
				SWIFT_EMIT_LOC_STRINGS = YES;
				SWIFT_UPCOMING_FEATURE_MEMBER_IMPORT_VISIBILITY = YES;
				SWIFT_VERSION = 5.0;
				TARGETED_DEVICE_FAMILY = "1,2";
				VALIDATE_PRODUCT = YES;
			};
			name = Release;
		};
		988635342F14543B009C6A8E /* Debug */ = {
			isa = XCBuildConfiguration;
			buildSettings = {
				CODE_SIGN_STYLE = Automatic;
				CURRENT_PROJECT_VERSION = 1;
				ENABLE_APP_SANDBOX = YES;
				ENABLE_HARDENED_RUNTIME = YES;
				ENABLE_USER_SELECTED_FILES = readonly;
				GENERATE_INFOPLIST_FILE = YES;
				INFOPLIST_FILE = "macOS (Extension)/Info.plist";
				INFOPLIST_KEY_CFBundleDisplayName = "Mephisto Chess Extension Extension";
				INFOPLIST_KEY_NSHumanReadableCopyright = "";
				LD_RUNPATH_SEARCH_PATHS = (
					"$(inherited)",
					"@executable_path/../Frameworks",
					"@executable_path/../../../../Frameworks",
				);
				MACOSX_DEPLOYMENT_TARGET = 10.14;
				MARKETING_VERSION = 1.0;
				OTHER_LDFLAGS = (
					"-framework",
					SafariServices,
				);
				PRODUCT_BUNDLE_IDENTIFIER = "com.github.Mephisto-Chess-Extension.Extension";
				PRODUCT_NAME = "Mephisto Chess Extension Extension";
				SDKROOT = macosx;
				SKIP_INSTALL = YES;
				STRING_CATALOG_GENERATE_SYMBOLS = YES;
				SWIFT_APPROACHABLE_CONCURRENCY = YES;
				SWIFT_EMIT_LOC_STRINGS = YES;
				SWIFT_UPCOMING_FEATURE_MEMBER_IMPORT_VISIBILITY = YES;
				SWIFT_VERSION = 5.0;
			};
			name = Debug;
		};
		988635352F14543B009C6A8E /* Release */ = {
			isa = XCBuildConfiguration;
			buildSettings = {
				CODE_SIGN_STYLE = Automatic;
				CURRENT_PROJECT_VERSION = 1;
				ENABLE_APP_SANDBOX = YES;
				ENABLE_HARDENED_RUNTIME = YES;
				ENABLE_USER_SELECTED_FILES = readonly;
				GENERATE_INFOPLIST_FILE = YES;
				INFOPLIST_FILE = "macOS (Extension)/Info.plist";
				INFOPLIST_KEY_CFBundleDisplayName = "Mephisto Chess Extension Extension";
				INFOPLIST_KEY_NSHumanReadableCopyright = "";
				LD_RUNPATH_SEARCH_PATHS = (
					"$(inherited)",
					"@executable_path/../Frameworks",
					"@executable_path/../../../../Frameworks",
				);
				MACOSX_DEPLOYMENT_TARGET = 10.14;
				MARKETING_VERSION = 1.0;
				OTHER_LDFLAGS = (
					"-framework",
					SafariServices,
				);
				PRODUCT_BUNDLE_IDENTIFIER = "com.github.Mephisto-Chess-Extension.Extension";
				PRODUCT_NAME = "Mephisto Chess Extension Extension";
				SDKROOT = macosx;
				SKIP_INSTALL = YES;
				STRING_CATALOG_GENERATE_SYMBOLS = YES;
				SWIFT_APPROACHABLE_CONCURRENCY = YES;
				SWIFT_EMIT_LOC_STRINGS = YES;
				SWIFT_UPCOMING_FEATURE_MEMBER_IMPORT_VISIBILITY = YES;
				SWIFT_VERSION = 5.0;
			};
			name = Release;
		};
		988635382F14543B009C6A8E /* Debug */ = {
			isa = XCBuildConfiguration;
			buildSettings = {
				ASSETCATALOG_COMPILER_APPICON_NAME = AppIcon;
				ASSETCATALOG_COMPILER_GLOBAL_ACCENT_COLOR_NAME = AccentColor;
				CODE_SIGN_STYLE = Automatic;
				CURRENT_PROJECT_VERSION = 1;
				ENABLE_APP_SANDBOX = YES;
				ENABLE_HARDENED_RUNTIME = YES;
				ENABLE_OUTGOING_NETWORK_CONNECTIONS = YES;
				ENABLE_USER_SELECTED_FILES = readonly;
				GENERATE_INFOPLIST_FILE = YES;
				INFOPLIST_FILE = "macOS (App)/Info.plist";
				INFOPLIST_KEY_CFBundleDisplayName = "Mephisto Chess Extension";
				INFOPLIST_KEY_NSMainStoryboardFile = Main;
				INFOPLIST_KEY_NSPrincipalClass = NSApplication;
				LD_RUNPATH_SEARCH_PATHS = (
					"$(inherited)",
					"@executable_path/../Frameworks",
				);
				MACOSX_DEPLOYMENT_TARGET = 10.14;
				MARKETING_VERSION = 1.0;
				OTHER_LDFLAGS = (
					"-framework",
					SafariServices,
					"-framework",
					WebKit,
				);
				PRODUCT_BUNDLE_IDENTIFIER = "com.github.Mephisto-Chess-Extension";
				PRODUCT_NAME = "Mephisto Chess Extension";
				REGISTER_APP_GROUPS = YES;
				SDKROOT = macosx;
				STRING_CATALOG_GENERATE_SYMBOLS = YES;
				SWIFT_APPROACHABLE_CONCURRENCY = YES;
				SWIFT_DEFAULT_ACTOR_ISOLATION = MainActor;
				SWIFT_EMIT_LOC_STRINGS = YES;
				SWIFT_UPCOMING_FEATURE_MEMBER_IMPORT_VISIBILITY = YES;
				SWIFT_VERSION = 5.0;
			};
			name = Debug;
		};
		988635392F14543B009C6A8E /* Release */ = {
			isa = XCBuildConfiguration;
			buildSettings = {
				ASSETCATALOG_COMPILER_APPICON_NAME = AppIcon;
				ASSETCATALOG_COMPILER_GLOBAL_ACCENT_COLOR_NAME = AccentColor;
				CODE_SIGN_STYLE = Automatic;
				CURRENT_PROJECT_VERSION = 1;
				ENABLE_APP_SANDBOX = YES;
				ENABLE_HARDENED_RUNTIME = YES;
				ENABLE_OUTGOING_NETWORK_CONNECTIONS = YES;
				ENABLE_USER_SELECTED_FILES = readonly;
				GENERATE_INFOPLIST_FILE = YES;
				INFOPLIST_FILE = "macOS (App)/Info.plist";
				INFOPLIST_KEY_CFBundleDisplayName = "Mephisto Chess Extension";
				INFOPLIST_KEY_NSMainStoryboardFile = Main;
				INFOPLIST_KEY_NSPrincipalClass = NSApplication;
				LD_RUNPATH_SEARCH_PATHS = (
					"$(inherited)",
					"@executable_path/../Frameworks",
				);
				MACOSX_DEPLOYMENT_TARGET = 10.14;
				MARKETING_VERSION = 1.0;
				OTHER_LDFLAGS = (
					"-framework",
					SafariServices,
					"-framework",
					WebKit,
				);
				PRODUCT_BUNDLE_IDENTIFIER = "com.github.Mephisto-Chess-Extension";
				PRODUCT_NAME = "Mephisto Chess Extension";
				REGISTER_APP_GROUPS = YES;
				SDKROOT = macosx;
				STRING_CATALOG_GENERATE_SYMBOLS = YES;
				SWIFT_APPROACHABLE_CONCURRENCY = YES;
				SWIFT_DEFAULT_ACTOR_ISOLATION = MainActor;
				SWIFT_EMIT_LOC_STRINGS = YES;
				SWIFT_UPCOMING_FEATURE_MEMBER_IMPORT_VISIBILITY = YES;
				SWIFT_VERSION = 5.0;
			};
			name = Release;
		};
/* End XCBuildConfiguration section */

/* Begin XCConfigurationList section */
		988634DE2F14543A009C6A8E /* Build configuration list for PBXProject "Mephisto Chess Extension" */ = {
			isa = XCConfigurationList;
			buildConfigurations = (
				9886352A2F14543B009C6A8E /* Debug */,
				9886352B2F14543B009C6A8E /* Release */,
			);
			defaultConfigurationIsVisible = 0;
			defaultConfigurationName = Release;
		};
		9886352C2F14543B009C6A8E /* Build configuration list for PBXNativeTarget "Mephisto Chess Extension Extension (iOS)" */ = {
			isa = XCConfigurationList;
			buildConfigurations = (
				9886352D2F14543B009C6A8E /* Debug */,
				9886352E2F14543B009C6A8E /* Release */,
			);
			defaultConfigurationIsVisible = 0;
			defaultConfigurationName = Release;
		};
		988635302F14543B009C6A8E /* Build configuration list for PBXNativeTarget "Mephisto Chess Extension (iOS)" */ = {
			isa = XCConfigurationList;
			buildConfigurations = (
				988635312F14543B009C6A8E /* Debug */,
				988635322F14543B009C6A8E /* Release */,
			);
			defaultConfigurationIsVisible = 0;
			defaultConfigurationName = Release;
		};
		988635332F14543B009C6A8E /* Build configuration list for PBXNativeTarget "Mephisto Chess Extension Extension (macOS)" */ = {
			isa = XCConfigurationList;
			buildConfigurations = (
				988635342F14543B009C6A8E /* Debug */,
				988635352F14543B009C6A8E /* Release */,
			);
			defaultConfigurationIsVisible = 0;
			defaultConfigurationName = Release;
		};
		988635372F14543B009C6A8E /* Build configuration list for PBXNativeTarget "Mephisto Chess Extension (macOS)" */ = {
			isa = XCConfigurationList;
			buildConfigurations = (
				988635382F14543B009C6A8E /* Debug */,
				988635392F14543B009C6A8E /* Release */,
			);
			defaultConfigurationIsVisible = 0;
			defaultConfigurationName = Release;
		};
/* End XCConfigurationList section */
	};
	rootObject = 988634DB2F14543A009C6A8E /* Project object */;
}
